
Microsoft Visual Studio Solution File, Format Version 12.00
# Visual Studio 15
VisualStudioVersion = 15.0.28010.2016
MinimumVisualStudioVersion = 10.0.40219.1
Project("{6EC3EE1D-3C4E-46DD-8F32-0CC8E7565705}") = "Fable.Flora", "src\Fable.Flora.fsproj", "{1CB8307B-4E4C-497D-A6C9-6A60BE110860}"
EndProject
Project("{F2A71F9B-5D33-465A-A702-920D77279786}") = "ParseTests", "ParseTests\ParseTests.fsproj", "{ECB72D45-5F81-4CDB-B70B-17D45CB58DE2}"
EndProject
Global
	GlobalSection(SolutionConfigurationPlatforms) = preSolution
		Debug|Any CPU = Debug|Any CPU
		Release|Any CPU = Release|Any CPU
	EndGlobalSection
	GlobalSection(ProjectConfigurationPlatforms) = postSolution
		{1CB8307B-4E4C-497D-A6C9-6A60BE110860}.Debug|Any CPU.ActiveCfg = Debug|Any CPU
		{1CB8307B-4E4C-497D-A6C9-6A60BE110860}.Debug|Any CPU.Build.0 = Debug|Any CPU
		{1CB8307B-4E4C-497D-A6C9-6A60BE110860}.Release|Any CPU.ActiveCfg = Release|Any CPU
		{1CB8307B-4E4C-497D-A6C9-6A60BE110860}.Release|Any CPU.Build.0 = Release|Any CPU
		{ECB72D45-5F81-4CDB-B70B-17D45CB58DE2}.Debug|Any CPU.ActiveCfg = Debug|Any CPU
		{ECB72D45-5F81-4CDB-B70B-17D45CB58DE2}.Debug|Any CPU.Build.0 = Debug|Any CPU
		{ECB72D45-5F81-4CDB-B70B-17D45CB58DE2}.Release|Any CPU.ActiveCfg = Release|Any CPU
		{ECB72D45-5F81-4CDB-B70B-17D45CB58DE2}.Release|Any CPU.Build.0 = Release|Any CPU
	EndGlobalSection
	GlobalSection(SolutionProperties) = preSolution
		HideSolutionNode = FALSE
	EndGlobalSection
	GlobalSection(ExtensibilityGlobals) = postSolution
		SolutionGuid = {C8D3C342-AD4E-4000-A98D-92FE54F37F51}
	EndGlobalSection
EndGlobal
