
Microsoft Visual Studio Solution File, Format Version 12.00
# Visual Studio Version 16
VisualStudioVersion = 16.0.28516.95
MinimumVisualStudioVersion = 10.0.40219.1
Project("{6EC3EE1D-3C4E-46DD-8F32-0CC8E7565705}") = "Flora.CssProvider", "Flora.CssProvider\Flora.CssProvider.fsproj", "{751204CC-73F8-43CF-9B58-0A3DD7B96738}"
EndProject
Project("{6EC3EE1D-3C4E-46DD-8F32-0CC8E7565705}") = "Flora.CssParser", "Flora.CssParser\Flora.CssParser.fsproj", "{D3A21DAE-C292-4A59-BD53-391DC401E9F7}"
EndProject
Project("{6EC3EE1D-3C4E-46DD-8F32-0CC8E7565705}") = "ParserTests", "UnitTests\ParserTests.fsproj", "{78AA5DAE-7423-40D9-8BB1-6E207D5A33BD}"
EndProject
Project("{F2A71F9B-5D33-465A-A702-920D77279786}") = "Flora.Theming", "Flora.Theming\Flora.Theming.fsproj", "{28CED9E0-AA23-4834-B8C1-A3DD123B5B22}"
EndProject
Global
	GlobalSection(SolutionConfigurationPlatforms) = preSolution
		Debug|Any CPU = Debug|Any CPU
		Release|Any CPU = Release|Any CPU
	EndGlobalSection
	GlobalSection(ProjectConfigurationPlatforms) = postSolution
		{751204CC-73F8-43CF-9B58-0A3DD7B96738}.Debug|Any CPU.ActiveCfg = Debug|Any CPU
		{751204CC-73F8-43CF-9B58-0A3DD7B96738}.Debug|Any CPU.Build.0 = Debug|Any CPU
		{751204CC-73F8-43CF-9B58-0A3DD7B96738}.Release|Any CPU.ActiveCfg = Release|Any CPU
		{751204CC-73F8-43CF-9B58-0A3DD7B96738}.Release|Any CPU.Build.0 = Release|Any CPU
		{D3A21DAE-C292-4A59-BD53-391DC401E9F7}.Debug|Any CPU.ActiveCfg = Debug|Any CPU
		{D3A21DAE-C292-4A59-BD53-391DC401E9F7}.Debug|Any CPU.Build.0 = Debug|Any CPU
		{D3A21DAE-C292-4A59-BD53-391DC401E9F7}.Release|Any CPU.ActiveCfg = Release|Any CPU
		{D3A21DAE-C292-4A59-BD53-391DC401E9F7}.Release|Any CPU.Build.0 = Release|Any CPU
		{78AA5DAE-7423-40D9-8BB1-6E207D5A33BD}.Debug|Any CPU.ActiveCfg = Debug|Any CPU
		{78AA5DAE-7423-40D9-8BB1-6E207D5A33BD}.Debug|Any CPU.Build.0 = Debug|Any CPU
		{78AA5DAE-7423-40D9-8BB1-6E207D5A33BD}.Release|Any CPU.ActiveCfg = Release|Any CPU
		{78AA5DAE-7423-40D9-8BB1-6E207D5A33BD}.Release|Any CPU.Build.0 = Release|Any CPU
		{28CED9E0-AA23-4834-B8C1-A3DD123B5B22}.Debug|Any CPU.ActiveCfg = Debug|Any CPU
		{28CED9E0-AA23-4834-B8C1-A3DD123B5B22}.Debug|Any CPU.Build.0 = Debug|Any CPU
		{28CED9E0-AA23-4834-B8C1-A3DD123B5B22}.Release|Any CPU.ActiveCfg = Release|Any CPU
		{28CED9E0-AA23-4834-B8C1-A3DD123B5B22}.Release|Any CPU.Build.0 = Release|Any CPU
	EndGlobalSection
	GlobalSection(SolutionProperties) = preSolution
		HideSolutionNode = FALSE
	EndGlobalSection
	GlobalSection(ExtensibilityGlobals) = postSolution
		SolutionGuid = {B5EA170D-B2F9-4AAA-B38B-09BCF5522031}
	EndGlobalSection
EndGlobal
