
Microsoft Visual Studio Solution File, Format Version 12.00
# Visual Studio Version 16
VisualStudioVersion = 16.0.28516.95
MinimumVisualStudioVersion = 10.0.40219.1
Project("{6EC3EE1D-3C4E-46DD-8F32-0CC8E7565705}") = "ParseTests", "ParseTests.fsproj", "{EB922336-9811-4E27-82E1-D9B2B599BA75}"
EndProject
Global
	GlobalSection(SolutionConfigurationPlatforms) = preSolution
		Debug|Any CPU = Debug|Any CPU
		Release|Any CPU = Release|Any CPU
	EndGlobalSection
	GlobalSection(ProjectConfigurationPlatforms) = postSolution
		{EB922336-9811-4E27-82E1-D9B2B599BA75}.Debug|Any CPU.ActiveCfg = Debug|Any CPU
		{EB922336-9811-4E27-82E1-D9B2B599BA75}.Debug|Any CPU.Build.0 = Debug|Any CPU
		{EB922336-9811-4E27-82E1-D9B2B599BA75}.Release|Any CPU.ActiveCfg = Release|Any CPU
		{EB922336-9811-4E27-82E1-D9B2B599BA75}.Release|Any CPU.Build.0 = Release|Any CPU
	EndGlobalSection
	GlobalSection(SolutionProperties) = preSolution
		HideSolutionNode = FALSE
	EndGlobalSection
	GlobalSection(ExtensibilityGlobals) = postSolution
		SolutionGuid = {70F75DEF-5398-4949-A7AE-B73BCC7F320B}
	EndGlobalSection
EndGlobal
